# @generated by Move, please check-in and do not edit manually.

[move]
version = 3
manifest_digest = "EDB4375F730DE59BA506E4F680ECEB2DDBDD3D729364A243141970B85047E8E4"
deps_digest = "F8BBB0CCB2491CA29A3DF03D6F92277A4F3574266507ACD77214D37ECA3F3082"
dependencies = [
  { id = "Sui", name = "Sui" },
]

[[move.package]]
id = "MoveStdlib"
source = { git = "https://github.com/MystenLabs/sui.git", rev = "framework/testnet", subdir = "crates\\sui-framework\\packages\\move-stdlib" }

[[move.package]]
id = "Sui"
source = { git = "https://github.com/MystenLabs/sui.git", rev = "framework/testnet", subdir = "crates/sui-framework/packages/sui-framework" }

dependencies = [
  { id = "MoveStdlib", name = "MoveStdlib" },
]

[move.toolchain-version]
compiler-version = "1.61.1"
edition = "2024.beta"
flavor = "sui"

[env]

[env.testnet]
chain-id = "4c78adac"
original-published-id = "0xe1df86bc99868f214f86951db2738bd2c46c47f2a4db6753f4fb98f681bef015"
latest-published-id = "0xe1df86bc99868f214f86951db2738bd2c46c47f2a4db6753f4fb98f681bef015"
published-version = "1"
